
Microsoft Visual Studio Solution File, Format Version 12.00
# Visual Studio Version 16
VisualStudioVersion = 16.0.31424.327
MinimumVisualStudioVersion = 10.0.40219.1
Project("{FAE04EC0-301F-11D3-BF4B-00C04F79EFBC}") = "MVCAPP", "MVCAPP.csproj", "{BF0DBE55-9A45-425A-BCE8-79B17B9D099B}"
EndProject
Global
	GlobalSection(SolutionConfigurationPlatforms) = preSolution
		Debug|Any CPU = Debug|Any CPU
		Release|Any CPU = Release|Any CPU
	EndGlobalSection
	GlobalSection(ProjectConfigurationPlatforms) = postSolution
		{BF0DBE55-9A45-425A-BCE8-79B17B9D099B}.Debug|Any CPU.ActiveCfg = Debug|Any CPU
		{BF0DBE55-9A45-425A-BCE8-79B17B9D099B}.Debug|Any CPU.Build.0 = Debug|Any CPU
		{BF0DBE55-9A45-425A-BCE8-79B17B9D099B}.Release|Any CPU.ActiveCfg = Release|Any CPU
		{BF0DBE55-9A45-425A-BCE8-79B17B9D099B}.Release|Any CPU.Build.0 = Release|Any CPU
	EndGlobalSection
	GlobalSection(SolutionProperties) = preSolution
		HideSolutionNode = FALSE
	EndGlobalSection
	GlobalSection(ExtensibilityGlobals) = postSolution
		SolutionGuid = {ABAA3317-9085-4ED1-96FD-0817ECE70841}
	EndGlobalSection
EndGlobal
